
Microsoft Visual Studio Solution File, Format Version 12.00
# Visual Studio 2013
VisualStudioVersion = 12.0.30501.0
MinimumVisualStudioVersion = 10.0.40219.1
Project("{FAE04EC0-301F-11D3-BF4B-00C04F79EFBC}") = "AzureStorageSnippets", "AzureStorageSnippets.csproj", "{BE97E2B0-84CD-46CD-89C0-4FFF7ECD0152}"
EndProject
Global
	GlobalSection(SolutionConfigurationPlatforms) = preSolution
		Debug|Any CPU = Debug|Any CPU
		Release|Any CPU = Release|Any CPU
	EndGlobalSection
	GlobalSection(ProjectConfigurationPlatforms) = postSolution
		{BE97E2B0-84CD-46CD-89C0-4FFF7ECD0152}.Debug|Any CPU.ActiveCfg = Debug|Any CPU
		{BE97E2B0-84CD-46CD-89C0-4FFF7ECD0152}.Debug|Any CPU.Build.0 = Debug|Any CPU
		{BE97E2B0-84CD-46CD-89C0-4FFF7ECD0152}.Release|Any CPU.ActiveCfg = Release|Any CPU
		{BE97E2B0-84CD-46CD-89C0-4FFF7ECD0152}.Release|Any CPU.Build.0 = Release|Any CPU
	EndGlobalSection
	GlobalSection(SolutionProperties) = preSolution
		HideSolutionNode = FALSE
	EndGlobalSection
EndGlobal
